{
  "name": "xwords",
  "version": "1.0.0",
  "lockfileVersion": 1,
  "requires": true,
  "dependencies": {
    "hammerjs": {
      "version": "2.0.8",
      "resolved": "https://registry.npmjs.org/hammerjs/-/hammerjs-2.0.8.tgz",
      "integrity": "sha1-BO93hiz/K7edMPdpIJWTAiK/YPE="
    },
    "vue-js-tap": {
      "version": "1.2.3",
      "resolved": "https://registry.npmjs.org/vue-js-tap/-/vue-js-tap-1.2.3.tgz",
      "integrity": "sha512-+f02VxXPM62vZg9Z//jjJIhnTf8kQug+qDSitGEgALgNOlSLjLWs5VZq5muhEUViWOYsL5CSZeYJb3k4iKR+GQ=="
    },
    "vue-touch": {
      "version": "1.1.0",
      "resolved": "https://registry.npmjs.org/vue-touch/-/vue-touch-1.1.0.tgz",
      "integrity": "sha1-9p2jtL8DPz97z1hkARprTUu1lrk=",
      "requires": {
        "hammerjs": "2.0.8"
      }
    }
  }
}
