{
  "name": "xwords",
  "version": "1.0.0",
  "lockfileVersion": 1,
  "requires": true,
  "dependencies": {
    "vue-js-tap": {
      "version": "1.2.3",
      "resolved": "https://registry.npmjs.org/vue-js-tap/-/vue-js-tap-1.2.3.tgz",
      "integrity": "sha512-+f02VxXPM62vZg9Z//jjJIhnTf8kQug+qDSitGEgALgNOlSLjLWs5VZq5muhEUViWOYsL5CSZeYJb3k4iKR+GQ=="
    }
  }
}
